
Microsoft Visual Studio Solution File, Format Version 12.00
# Visual Studio Version 16
VisualStudioVersion = 16.0.30804.86
MinimumVisualStudioVersion = 10.0.40219.1
Project("{9A19103F-16F7-4668-BE54-9A1E7A4F7556}") = "grpcService", "grpcService\grpcService.csproj", "{3CFE94C0-A7B8-47A1-84B5-F9DB3840D9D1}"
EndProject
Project("{9A19103F-16F7-4668-BE54-9A1E7A4F7556}") = "grpc.Domain", "grpc.Domain\grpc.Domain.csproj", "{77BFDAAD-75C0-4894-A85A-BE4E439FB9FF}"
EndProject
Project("{FAE04EC0-301F-11D3-BF4B-00C04F79EFBC}") = "grpc.Tests", "grpc.Tests\grpc.Tests.csproj", "{47002205-A15C-43E8-9932-D35D36E3A118}"
EndProject
Project("{FAE04EC0-301F-11D3-BF4B-00C04F79EFBC}") = "grpc.Infrastructure", "grpc.Infrastructure\grpc.Infrastructure.csproj", "{4A45E6C9-206E-4B5F-B560-7BFD3D074DA4}"
EndProject
Project("{FAE04EC0-301F-11D3-BF4B-00C04F79EFBC}") = "grpc.console", "grpc.console\grpc.console.csproj", "{630D9DCF-DB05-4A21-856A-4490A38F24D7}"
EndProject
Global
	GlobalSection(SolutionConfigurationPlatforms) = preSolution
		Debug|Any CPU = Debug|Any CPU
		Release|Any CPU = Release|Any CPU
	EndGlobalSection
	GlobalSection(ProjectConfigurationPlatforms) = postSolution
		{3CFE94C0-A7B8-47A1-84B5-F9DB3840D9D1}.Debug|Any CPU.ActiveCfg = Debug|Any CPU
		{3CFE94C0-A7B8-47A1-84B5-F9DB3840D9D1}.Debug|Any CPU.Build.0 = Debug|Any CPU
		{3CFE94C0-A7B8-47A1-84B5-F9DB3840D9D1}.Release|Any CPU.ActiveCfg = Release|Any CPU
		{3CFE94C0-A7B8-47A1-84B5-F9DB3840D9D1}.Release|Any CPU.Build.0 = Release|Any CPU
		{77BFDAAD-75C0-4894-A85A-BE4E439FB9FF}.Debug|Any CPU.ActiveCfg = Debug|Any CPU
		{77BFDAAD-75C0-4894-A85A-BE4E439FB9FF}.Debug|Any CPU.Build.0 = Debug|Any CPU
		{77BFDAAD-75C0-4894-A85A-BE4E439FB9FF}.Release|Any CPU.ActiveCfg = Release|Any CPU
		{77BFDAAD-75C0-4894-A85A-BE4E439FB9FF}.Release|Any CPU.Build.0 = Release|Any CPU
		{47002205-A15C-43E8-9932-D35D36E3A118}.Debug|Any CPU.ActiveCfg = Debug|Any CPU
		{47002205-A15C-43E8-9932-D35D36E3A118}.Debug|Any CPU.Build.0 = Debug|Any CPU
		{47002205-A15C-43E8-9932-D35D36E3A118}.Release|Any CPU.ActiveCfg = Release|Any CPU
		{47002205-A15C-43E8-9932-D35D36E3A118}.Release|Any CPU.Build.0 = Release|Any CPU
		{4A45E6C9-206E-4B5F-B560-7BFD3D074DA4}.Debug|Any CPU.ActiveCfg = Debug|Any CPU
		{4A45E6C9-206E-4B5F-B560-7BFD3D074DA4}.Debug|Any CPU.Build.0 = Debug|Any CPU
		{4A45E6C9-206E-4B5F-B560-7BFD3D074DA4}.Release|Any CPU.ActiveCfg = Release|Any CPU
		{4A45E6C9-206E-4B5F-B560-7BFD3D074DA4}.Release|Any CPU.Build.0 = Release|Any CPU
		{630D9DCF-DB05-4A21-856A-4490A38F24D7}.Debug|Any CPU.ActiveCfg = Debug|Any CPU
		{630D9DCF-DB05-4A21-856A-4490A38F24D7}.Debug|Any CPU.Build.0 = Debug|Any CPU
		{630D9DCF-DB05-4A21-856A-4490A38F24D7}.Release|Any CPU.ActiveCfg = Release|Any CPU
		{630D9DCF-DB05-4A21-856A-4490A38F24D7}.Release|Any CPU.Build.0 = Release|Any CPU
	EndGlobalSection
	GlobalSection(SolutionProperties) = preSolution
		HideSolutionNode = FALSE
	EndGlobalSection
	GlobalSection(ExtensibilityGlobals) = postSolution
		SolutionGuid = {0EAC3F47-3303-409F-BCA2-54E90120B13C}
	EndGlobalSection
EndGlobal
